
Microsoft Visual Studio Solution File, Format Version 12.00
# Visual Studio Version 17
VisualStudioVersion = 17.8.34112.27
MinimumVisualStudioVersion = 10.0.40219.1
Project("{8BC9CEB8-8B4A-11D0-8D11-00A0C91BC942}") = "output input bilangan", "output input bilangan\output input bilangan.vcxproj", "{1946D1D2-06BF-4564-AD97-69226C73C5A4}"
EndProject
Global
	GlobalSection(SolutionConfigurationPlatforms) = preSolution
		Debug|x64 = Debug|x64
		Debug|x86 = Debug|x86
		Release|x64 = Release|x64
		Release|x86 = Release|x86
	EndGlobalSection
	GlobalSection(ProjectConfigurationPlatforms) = postSolution
		{1946D1D2-06BF-4564-AD97-69226C73C5A4}.Debug|x64.ActiveCfg = Debug|x64
		{1946D1D2-06BF-4564-AD97-69226C73C5A4}.Debug|x64.Build.0 = Debug|x64
		{1946D1D2-06BF-4564-AD97-69226C73C5A4}.Debug|x86.ActiveCfg = Debug|Win32
		{1946D1D2-06BF-4564-AD97-69226C73C5A4}.Debug|x86.Build.0 = Debug|Win32
		{1946D1D2-06BF-4564-AD97-69226C73C5A4}.Release|x64.ActiveCfg = Release|x64
		{1946D1D2-06BF-4564-AD97-69226C73C5A4}.Release|x64.Build.0 = Release|x64
		{1946D1D2-06BF-4564-AD97-69226C73C5A4}.Release|x86.ActiveCfg = Release|Win32
		{1946D1D2-06BF-4564-AD97-69226C73C5A4}.Release|x86.Build.0 = Release|Win32
	EndGlobalSection
	GlobalSection(SolutionProperties) = preSolution
		HideSolutionNode = FALSE
	EndGlobalSection
	GlobalSection(ExtensibilityGlobals) = postSolution
		SolutionGuid = {400768E5-BE37-412F-85DE-4984874E30DA}
	EndGlobalSection
EndGlobal
